// !$*UTF8*$!
{
	archiveVersion = 1;
	classes = {
	};
	objectVersion = 46;
	objects = {

/* Begin PBXBuildFile section */
		B5F302911B428C8A00D86667 /* main.m in Sources */ = {isa = PBXBuildFile; fileRef = B5F302901B428C8A00D86667 /* main.m */; };
		B5F302941B428C8A00D86667 /* AppDelegate.m in Sources */ = {isa = PBXBuildFile; fileRef = B5F302931B428C8A00D86667 /* AppDelegate.m */; };
		B5F302971B428C8A00D86667 /* ViewController.m in Sources */ = {isa = PBXBuildFile; fileRef = B5F302961B428C8A00D86667 /* ViewController.m */; };
		B5F3029A1B428C8A00D86667 /* Main.storyboard in Resources */ = {isa = PBXBuildFile; fileRef = B5F302981B428C8A00D86667 /* Main.storyboard */; };
		B5F3029C1B428C8A00D86667 /* Images.xcassets in Resources */ = {isa = PBXBuildFile; fileRef = B5F3029B1B428C8A00D86667 /* Images.xcassets */; };
		B5F3029F1B428C8A00D86667 /* LaunchScreen.xib in Resources */ = {isa = PBXBuildFile; fileRef = B5F3029D1B428C8A00D86667 /* LaunchScreen.xib */; };
		B5F302AB1B428C8A00D86667 /* Bugly_iOS_DemoTests.m in Sources */ = {isa = PBXBuildFile; fileRef = B5F302AA1B428C8A00D86667 /* Bugly_iOS_DemoTests.m */; };
		BAFBC81116506AB9FFC9EC69 /* libPods-Bugly-iOS-Demo.a in Frameworks */ = {isa = PBXBuildFile; fileRef = A56231A86B12676BD0382564 /* libPods-Bugly-iOS-Demo.a */; };
/* End PBXBuildFile section */

/* Begin PBXContainerItemProxy section */
		B5F302A51B428C8A00D86667 /* PBXContainerItemProxy */ = {
			isa = PBXContainerItemProxy;
			containerPortal = B5F302831B428C8A00D86667 /* Project object */;
			proxyType = 1;
			remoteGlobalIDString = B5F3028A1B428C8A00D86667;
			remoteInfo = "Bugly-iOS-Demo";
		};
/* End PBXContainerItemProxy section */

/* Begin PBXFileReference section */
		8764C9B2996CCE76A96A2757 /* Pods-Bugly-iOS-Demo.debug.xcconfig */ = {isa = PBXFileReference; includeInIndex = 1; lastKnownFileType = text.xcconfig; name = "Pods-Bugly-iOS-Demo.debug.xcconfig"; path = "Pods/Target Support Files/Pods-Bugly-iOS-Demo/Pods-Bugly-iOS-Demo.debug.xcconfig"; sourceTree = "<group>"; };
		A56231A86B12676BD0382564 /* libPods-Bugly-iOS-Demo.a */ = {isa = PBXFileReference; explicitFileType = archive.ar; includeInIndex = 0; path = "libPods-Bugly-iOS-Demo.a"; sourceTree = BUILT_PRODUCTS_DIR; };
		B5F3028B1B428C8A00D86667 /* Bugly-iOS-Demo.app */ = {isa = PBXFileReference; explicitFileType = wrapper.application; includeInIndex = 0; path = "Bugly-iOS-Demo.app"; sourceTree = BUILT_PRODUCTS_DIR; };
		B5F3028F1B428C8A00D86667 /* Info.plist */ = {isa = PBXFileReference; lastKnownFileType = text.plist.xml; path = Info.plist; sourceTree = "<group>"; };
		B5F302901B428C8A00D86667 /* main.m */ = {isa = PBXFileReference; lastKnownFileType = sourcecode.c.objc; path = main.m; sourceTree = "<group>"; };
		B5F302921B428C8A00D86667 /* AppDelegate.h */ = {isa = PBXFileReference; lastKnownFileType = sourcecode.c.h; path = AppDelegate.h; sourceTree = "<group>"; };
		B5F302931B428C8A00D86667 /* AppDelegate.m */ = {isa = PBXFileReference; lastKnownFileType = sourcecode.c.objc; path = AppDelegate.m; sourceTree = "<group>"; };
		B5F302951B428C8A00D86667 /* ViewController.h */ = {isa = PBXFileReference; lastKnownFileType = sourcecode.c.h; path = ViewController.h; sourceTree = "<group>"; };
		B5F302961B428C8A00D86667 /* ViewController.m */ = {isa = PBXFileReference; lastKnownFileType = sourcecode.c.objc; path = ViewController.m; sourceTree = "<group>"; };
		B5F302991B428C8A00D86667 /* Base */ = {isa = PBXFileReference; lastKnownFileType = file.storyboard; name = Base; path = Base.lproj/Main.storyboard; sourceTree = "<group>"; };
		B5F3029B1B428C8A00D86667 /* Images.xcassets */ = {isa = PBXFileReference; lastKnownFileType = folder.assetcatalog; path = Images.xcassets; sourceTree = "<group>"; };
		B5F3029E1B428C8A00D86667 /* Base */ = {isa = PBXFileReference; lastKnownFileType = file.xib; name = Base; path = Base.lproj/LaunchScreen.xib; sourceTree = "<group>"; };
		B5F302A41B428C8A00D86667 /* Bugly-iOS-DemoTests.xctest */ = {isa = PBXFileReference; explicitFileType = wrapper.cfbundle; includeInIndex = 0; path = "Bugly-iOS-DemoTests.xctest"; sourceTree = BUILT_PRODUCTS_DIR; };
		B5F302A91B428C8A00D86667 /* Info.plist */ = {isa = PBXFileReference; lastKnownFileType = text.plist.xml; path = Info.plist; sourceTree = "<group>"; };
		B5F302AA1B428C8A00D86667 /* Bugly_iOS_DemoTests.m */ = {isa = PBXFileReference; lastKnownFileType = sourcecode.c.objc; path = Bugly_iOS_DemoTests.m; sourceTree = "<group>"; };
		CFBB13CA3D2A27B3C9193A2A /* Pods-Bugly-iOS-Demo.release.xcconfig */ = {isa = PBXFileReference; includeInIndex = 1; lastKnownFileType = text.xcconfig; name = "Pods-Bugly-iOS-Demo.release.xcconfig"; path = "Pods/Target Support Files/Pods-Bugly-iOS-Demo/Pods-Bugly-iOS-Demo.release.xcconfig"; sourceTree = "<group>"; };
/* End PBXFileReference section */

/* Begin PBXFrameworksBuildPhase section */
		B5F302881B428C8A00D86667 /* Frameworks */ = {
			isa = PBXFrameworksBuildPhase;
			buildActionMask = 2147483647;
			files = (
				BAFBC81116506AB9FFC9EC69 /* libPods-Bugly-iOS-Demo.a in Frameworks */,
			);
			runOnlyForDeploymentPostprocessing = 0;
		};
		B5F302A11B428C8A00D86667 /* Frameworks */ = {
			isa = PBXFrameworksBuildPhase;
			buildActionMask = 2147483647;
			files = (
			);
			runOnlyForDeploymentPostprocessing = 0;
		};
/* End PBXFrameworksBuildPhase section */

/* Begin PBXGroup section */
		33A5271DCECEFA161A578F36 /* Frameworks */ = {
			isa = PBXGroup;
			children = (
				A56231A86B12676BD0382564 /* libPods-Bugly-iOS-Demo.a */,
			);
			name = Frameworks;
			sourceTree = "<group>";
		};
		5D5D2EFEC4BDEEF1D06EE38A /* Pods */ = {
			isa = PBXGroup;
			children = (
				8764C9B2996CCE76A96A2757 /* Pods-Bugly-iOS-Demo.debug.xcconfig */,
				CFBB13CA3D2A27B3C9193A2A /* Pods-Bugly-iOS-Demo.release.xcconfig */,
			);
			name = Pods;
			sourceTree = "<group>";
		};
		B5F302821B428C8A00D86667 = {
			isa = PBXGroup;
			children = (
				B5F3028D1B428C8A00D86667 /* Bugly-iOS-Demo */,
				B5F302A71B428C8A00D86667 /* Bugly-iOS-DemoTests */,
				B5F3028C1B428C8A00D86667 /* Products */,
				5D5D2EFEC4BDEEF1D06EE38A /* Pods */,
				33A5271DCECEFA161A578F36 /* Frameworks */,
			);
			sourceTree = "<group>";
		};
		B5F3028C1B428C8A00D86667 /* Products */ = {
			isa = PBXGroup;
			children = (
				B5F3028B1B428C8A00D86667 /* Bugly-iOS-Demo.app */,
				B5F302A41B428C8A00D86667 /* Bugly-iOS-DemoTests.xctest */,
			);
			name = Products;
			sourceTree = "<group>";
		};
		B5F3028D1B428C8A00D86667 /* Bugly-iOS-Demo */ = {
			isa = PBXGroup;
			children = (
				B5F302921B428C8A00D86667 /* AppDelegate.h */,
				B5F302931B428C8A00D86667 /* AppDelegate.m */,
				B5F302951B428C8A00D86667 /* ViewController.h */,
				B5F302961B428C8A00D86667 /* ViewController.m */,
				B5F302981B428C8A00D86667 /* Main.storyboard */,
				B5F3029B1B428C8A00D86667 /* Images.xcassets */,
				B5F3029D1B428C8A00D86667 /* LaunchScreen.xib */,
				B5F3028E1B428C8A00D86667 /* Supporting Files */,
			);
			path = "Bugly-iOS-Demo";
			sourceTree = "<group>";
		};
		B5F3028E1B428C8A00D86667 /* Supporting Files */ = {
			isa = PBXGroup;
			children = (
				B5F3028F1B428C8A00D86667 /* Info.plist */,
				B5F302901B428C8A00D86667 /* main.m */,
			);
			name = "Supporting Files";
			sourceTree = "<group>";
		};
		B5F302A71B428C8A00D86667 /* Bugly-iOS-DemoTests */ = {
			isa = PBXGroup;
			children = (
				B5F302AA1B428C8A00D86667 /* Bugly_iOS_DemoTests.m */,
				B5F302A81B428C8A00D86667 /* Supporting Files */,
			);
			path = "Bugly-iOS-DemoTests";
			sourceTree = "<group>";
		};
		B5F302A81B428C8A00D86667 /* Supporting Files */ = {
			isa = PBXGroup;
			children = (
				B5F302A91B428C8A00D86667 /* Info.plist */,
			);
			name = "Supporting Files";
			sourceTree = "<group>";
		};
/* End PBXGroup section */

/* Begin PBXNativeTarget section */
		B5F3028A1B428C8A00D86667 /* Bugly-iOS-Demo */ = {
			isa = PBXNativeTarget;
			buildConfigurationList = B5F302AE1B428C8A00D86667 /* Build configuration list for PBXNativeTarget "Bugly-iOS-Demo" */;
			buildPhases = (
				44FF4128986DF92D8A9165E3 /* Check Pods Manifest.lock */,
				B5F302871B428C8A00D86667 /* Sources */,
				B5F302881B428C8A00D86667 /* Frameworks */,
				B5F302891B428C8A00D86667 /* Resources */,
				7C948D30B08BCB7E39E38F2B /* Copy Pods Resources */,
				B587417F1B466BAC0063AF8E /* ShellScript */,
			);
			buildRules = (
			);
			dependencies = (
			);
			name = "Bugly-iOS-Demo";
			productName = "Bugly-iOS-Demo";
			productReference = B5F3028B1B428C8A00D86667 /* Bugly-iOS-Demo.app */;
			productType = "com.apple.product-type.application";
		};
		B5F302A31B428C8A00D86667 /* Bugly-iOS-DemoTests */ = {
			isa = PBXNativeTarget;
			buildConfigurationList = B5F302B11B428C8A00D86667 /* Build configuration list for PBXNativeTarget "Bugly-iOS-DemoTests" */;
			buildPhases = (
				B5F302A01B428C8A00D86667 /* Sources */,
				B5F302A11B428C8A00D86667 /* Frameworks */,
				B5F302A21B428C8A00D86667 /* Resources */,
			);
			buildRules = (
			);
			dependencies = (
				B5F302A61B428C8A00D86667 /* PBXTargetDependency */,
			);
			name = "Bugly-iOS-DemoTests";
			productName = "Bugly-iOS-DemoTests";
			productReference = B5F302A41B428C8A00D86667 /* Bugly-iOS-DemoTests.xctest */;
			productType = "com.apple.product-type.bundle.unit-test";
		};
/* End PBXNativeTarget section */

/* Begin PBXProject section */
		B5F302831B428C8A00D86667 /* Project object */ = {
			isa = PBXProject;
			attributes = {
				LastUpgradeCheck = 0630;
				ORGANIZATIONNAME = tencent.com;
				TargetAttributes = {
					B5F3028A1B428C8A00D86667 = {
						CreatedOnToolsVersion = 6.3.2;
					};
					B5F302A31B428C8A00D86667 = {
						CreatedOnToolsVersion = 6.3.2;
						TestTargetID = B5F3028A1B428C8A00D86667;
					};
				};
			};
			buildConfigurationList = B5F302861B428C8A00D86667 /* Build configuration list for PBXProject "Bugly-iOS-Demo" */;
			compatibilityVersion = "Xcode 3.2";
			developmentRegion = English;
			hasScannedForEncodings = 0;
			knownRegions = (
				en,
				Base,
			);
			mainGroup = B5F302821B428C8A00D86667;
			productRefGroup = B5F3028C1B428C8A00D86667 /* Products */;
			projectDirPath = "";
			projectRoot = "";
			targets = (
				B5F3028A1B428C8A00D86667 /* Bugly-iOS-Demo */,
				B5F302A31B428C8A00D86667 /* Bugly-iOS-DemoTests */,
			);
		};
/* End PBXProject section */

/* Begin PBXResourcesBuildPhase section */
		B5F302891B428C8A00D86667 /* Resources */ = {
			isa = PBXResourcesBuildPhase;
			buildActionMask = 2147483647;
			files = (
				B5F3029A1B428C8A00D86667 /* Main.storyboard in Resources */,
				B5F3029F1B428C8A00D86667 /* LaunchScreen.xib in Resources */,
				B5F3029C1B428C8A00D86667 /* Images.xcassets in Resources */,
			);
			runOnlyForDeploymentPostprocessing = 0;
		};
		B5F302A21B428C8A00D86667 /* Resources */ = {
			isa = PBXResourcesBuildPhase;
			buildActionMask = 2147483647;
			files = (
			);
			runOnlyForDeploymentPostprocessing = 0;
		};
/* End PBXResourcesBuildPhase section */

/* Begin PBXShellScriptBuildPhase section */
		44FF4128986DF92D8A9165E3 /* Check Pods Manifest.lock */ = {
			isa = PBXShellScriptBuildPhase;
			buildActionMask = 2147483647;
			files = (
			);
			inputPaths = (
			);
			name = "Check Pods Manifest.lock";
			outputPaths = (
			);
			runOnlyForDeploymentPostprocessing = 0;
			shellPath = /bin/sh;
			shellScript = "diff \"${PODS_ROOT}/../Podfile.lock\" \"${PODS_ROOT}/Manifest.lock\" > /dev/null\nif [[ $? != 0 ]] ; then\n    cat << EOM\nerror: The sandbox is not in sync with the Podfile.lock. Run 'pod install' or update your CocoaPods installation.\nEOM\n    exit 1\nfi\n";
			showEnvVarsInLog = 0;
		};
		7C948D30B08BCB7E39E38F2B /* Copy Pods Resources */ = {
			isa = PBXShellScriptBuildPhase;
			buildActionMask = 2147483647;
			files = (
			);
			inputPaths = (
			);
			name = "Copy Pods Resources";
			outputPaths = (
			);
			runOnlyForDeploymentPostprocessing = 0;
			shellPath = /bin/sh;
			shellScript = "\"${SRCROOT}/Pods/Target Support Files/Pods-Bugly-iOS-Demo/Pods-Bugly-iOS-Demo-resources.sh\"\n";
			showEnvVarsInLog = 0;
		};
		B587417F1B466BAC0063AF8E /* ShellScript */ = {
			isa = PBXShellScriptBuildPhase;
			buildActionMask = 2147483647;
			files = (
			);
			inputPaths = (
			);
			outputPaths = (
			);
			runOnlyForDeploymentPostprocessing = 0;
			shellPath = /bin/sh;
			shellScript = "#!/bin/sh\n# Copyright 2014-2015 Bugly @Tencent. All rights reserved.\n#\n################################################################################\n# 注意: 请配置下面的信息\n################################################################################\nBUGLY_APP_ID=\"<YOUR_APP_ID>\"\nBUGLY_APP_KEY=\"<YOUR_APP_KEY>\"\nBUNDLE_IDENTIFIER=\"<YOUR_BUNDLE_ID>\"\n################################################################################\n# 自定义配置\n################################################################################\n# Debug模式编译是否上传，1＝上传 0＝不上传，默认不上传\nUPLOAD_DEBUG_SYMBOLS=0\n#\n# 模拟器编译是否上传，1=上传 0=不上传，默认不上传\nUPLOAD_SIMULATOR_SYMBOLS=0\n#\n# # 脚本默认配置的版本格式为CFBundleShortVersionString(CFBundleVersion),  如果你修改默认的版本格式, 请设置此变量, 如果不想修改, 请忽略此设置\n# CUSTOMIZED_APP_VERSION=\"\"\n#\n#\n#\n# This script will extract symbols from the .dSYM and generate .symbol file(Bugly supported) and upload to server.\n# You could visit http://bugly.qq.com to get more details about Bugly.\n#\n# Usage:\n# \t* The instructions assume you have copyed this script into your project int Xcode.\n# \t* Copy the \"buglySymbolIOS.jar\" file into the \"~/bin\" folder.\n#\t* Open the project editor, select your build target.\n#\t* Click \"Build Phases\" at the top of the project editor.\n#\t* Click \"+\" button in the top left corner and select \"New Run Script Phase\".\n#\t* Click \"Run Script\".\n#\t* Paste the following script into the dark text box. You will have to uncomment the lines (remove the #) of course.\n#\n# --- SCRIPT BEGINS ON NEXT LINE, COPY AND EDIT FROM THERE ---\n#\n#\n#\n# --- END OF SCRIPT ---\n\n\n################################################################################\n# 注意: 如果你不知道此脚本的执行流程和用法，请不要随便修改！\n################################################################################\n\n# 退出执行并打印提示信息\nexitWithMessage() {\n    echo \"--------------------------------\"\n    echo -e \"${1}\"\n    echo \"--------------------------------\"\n    echo \"No upload and exit.\"\n    echo \"----------------------------------------------------------------\"\n    exit ${2}\n}\n\necho \"----------------------------------------------------------------\"\necho \"Copyright 2014-2015 Bugly @Tencent. All rights reserved.\"\n\necho \"This script will extract symbols from the .dSYM file and generate .symbol file(Bugly supported) and upload to server.\"\necho \"You could visit http://bugly.qq.com to get more details about Bugly.\"\necho \"----------------------------------------------------------------\"\n\necho \"Uploading dSYM to Bugly.\"\necho \"\"\n\n# Bugly服务域名\nDSYM_UPLOAD_DOMAIN=\"bugly.qq.com\"\n\n# 读取Info.plist文件中的版本信息\necho \"Info.Plist : ${INFOPLIST_FILE}\"\n\nBUNDLE_VERSION=$(/usr/libexec/PlistBuddy -c 'Print CFBundleVersion' \"${INFOPLIST_FILE}\")\nBUNDLE_SHORT_VERSION=$(/usr/libexec/PlistBuddy -c 'Print CFBundleShortVersionString' \"${INFOPLIST_FILE}\")\n\n# 组装Bugly默认识别的版本信息(格式为CFBundleShortVersionString(CFBundleVersion), 例如: 1.0(1))\nif [ ! \"${CUSTOMIZED_APP_VERSION}\" ]; then\nBUGLY_APP_VERSION=\"${BUNDLE_SHORT_VERSION}(${BUNDLE_VERSION})\"\nelse\nBUGLY_APP_VERSION=\"${CUSTOMIZED_APP_VERSION}\"\nfi\n\necho \"--------------------------------\"\necho \"Step 1: Prepare application information.\"\necho \"--------------------------------\"\n\necho \"Product Name: ${PRODUCT_NAME}\"\necho \"Bundle Identifier: ${BUNDLE_IDENTIFIER}\"\necho \"Version: ${BUNDLE_SHORT_VERSION}\"\necho \"Build: ${BUNDLE_VERSION}\"\n\necho \"Bugly App ID: ${BUGLY_APP_ID}\"\necho \"Bugly App key: ${BUGLY_APP_KEY}\"\necho \"Bugly App Version: ${BUGLY_APP_VERSION}\"\n\necho \"--------------------------------\"\necho \"Step 2: Check the arguments ...\"\n\n# 检查模拟器编译是否允许上传符号\nif [ \"$EFFECTIVE_PLATFORM_NAME\" == \"-iphonesimulator\" ]; then\nif [ $UPLOAD_SIMULATOR_SYMBOLS -eq 0 ]; then\nexitWithMessage \"Warning: Build for simulator and skipping to upload. \\nYou can modify 'UPLOAD_SIMULATOR_SYMBOLS' to 1 in the script.\" 0\nfi\nfi\n\nif [ \"${CONFIGURATION=}\" == \"Debug\" ]; then\nif [ $UPLOAD_DEBUG_SYMBOLS -eq 0 ]; then\nexitWithMessage \"Warning: Build for debug mode and skipping to upload. \\nYou can modify 'UPLOAD_DEBUG_SYMBOLS' to 1 in the script.\" 0\nfi\nfi\n\n# 检查必须参数是否设置\nif [ ! \"${BUGLY_APP_ID}\" ]; then\nexitWithMessage \"Error: Bugly App ID not defined.\" 1\nfi\n\nif [ ! \"${BUGLY_APP_KEY}\" ]; then\nexitWithMessage \"Error: Bugly APP Key not defined.\" 1\nfi\n\nif [ ! \"${BUNDLE_IDENTIFIER}\" ]; then\nexitWithMessage \"Error: Bundle Identifier not defined.\" 1\nfi\n\n# 提取符号信息\necho \"--------------------------------\"\necho \"Step 3: Extract symbol info from .dSYM file.\"\n\n# Bugly符号提取工具路径, 请确保已经把对应的buglySymbolIOS.jar拷贝到目录~/bin\nBUGLY_SYMBOL_JAR_PATH=\"$HOME/bin/buglySymbolIOS.jar\"\n\nif [ ! -e \"$BUGLY_SYMBOL_JAR_PATH\" ]; then\nexitWithMessage \"Error: Jar file '${BUGLY_SYMBOL_JAR_PATH}' was not found. \\nPlease copy the jar file into ~/bin folder.\" 1\nfi\n\n# .dSYM文件信息\nDSYM_SRC=\"${DWARF_DSYM_FOLDER_PATH}/${DWARF_DSYM_FILE_NAME}\"\n\nDSYM_SYMBOL_OUT_ZIP_NAME=\"${DWARF_DSYM_FILE_NAME}.bSymbol.zip\"\n# 替换空格\nDSYM_SYMBOL_OUT_ZIP_NAME=\"${DSYM_SYMBOL_OUT_ZIP_NAME// /_}\"\nDSYM_ZIP_FPATH=\"${BUILT_PRODUCTS_DIR}/${DSYM_SYMBOL_OUT_ZIP_NAME}\"\n\nDSYM_SYMBOL_BACKUP_DIR=${BUILD_DIR}/Symbols\n\nif [ ! -e \"${DSYM_SYMBOL_BACKUP_DIR}\" ]; then\nmkdir ${DSYM_SYMBOL_BACKUP_DIR}\nfi\n\n# 备份并清理\nfind ${BUILT_PRODUCTS_DIR} -name \"*.zip\" -print0 | xargs -0 -I {} mv {} ${DSYM_SYMBOL_BACKUP_DIR}\n/bin/rm -rf \"${BUILT_PRODUCTS_DIR}/*.zip\"\n\necho \".dSYM file: ${DSYM_SRC}\"\nif [ ! -d \"$DSYM_SRC\" ]; then\nexitWithMessage \"dSYM source not found: ${DSYM_SRC}\" 1\nfi\n\necho \"Extract symbols from dSYM to ${DSYM_ZIP_FPATH}.\"\n\necho \"--------------------------------\"\n(/usr/bin/java -jar \"${BUGLY_SYMBOL_JAR_PATH}\" -i \"${DSYM_SRC}\" -o \"${DSYM_ZIP_FPATH}\" ) || exitWithMessage \"Error: Failed to extract symbols.\" 1\necho \"--------------------------------\"\n\nif [ ! -e \"${DSYM_ZIP_FPATH}\" ]; then\nDSYM_SYMBOL_OUT_ZIP_NAME=$(ls ${BUILT_PRODUCTS_DIR} | grep \".zip\")\nDSYM_ZIP_FPATH=\"${BUILT_PRODUCTS_DIR}/${DSYM_SYMBOL_OUT_ZIP_NAME}\"\nDSYM_SYMBOL_OUT_ZIP_NAME=${DSYM_SYMBOL_OUT_ZIP_NAME//&/_}\n    fi\n    \n    if [ ! -e \"${DSYM_ZIP_FPATH}\" ] ; then\n    exitWithMessage \"no symbol file zip archive generated: ${DSYM_ZIP_FPATH}\" 1\n    fi\n    \n    echo \"Step 4: Upload the symbols of dSYM.\"\n    echo \"--------------------------------\"\n    echo \"zip : ${DSYM_SYMBOL_OUT_ZIP_NAME}\"\n    echo \"dir : ${DSYM_ZIP_FPATH}\"\n    \n    echo \"dSYM upload domain: ${DSYM_UPLOAD_DOMAIN}\"\n    DSYM_UPLOAD_URL=\"http://${DSYM_UPLOAD_DOMAIN}/upload/dsym?app=${BUGLY_APP_ID}&pid=2&ver=${BUGLY_APP_VERSION}&n=${DSYM_SYMBOL_OUT_ZIP_NAME}&key=${BUGLY_APP_KEY}&bid=${BUNDLE_IDENTIFIER}\"\n    echo \"dSYM upload url: ${DSYM_UPLOAD_URL}\"\n    \n    # Upload dSYM to Bugly\n    echo \"curl --header \"Content-Type:application/zip\" --data-binary \"@${DSYM_ZIP_FPATH}\" \"${DSYM_UPLOAD_URL}\" --verbose\"\n    \n    echo \"--------------------------------\"\n    STATUS=$(/usr/bin/curl --header \"Content-Type:application/zip\" --data-binary \"@${DSYM_ZIP_FPATH}\" \"${DSYM_UPLOAD_URL}\" --verbose)\n    echo \"--------------------------------\"\n    \n    UPLOAD_RESULT=\"FAILTURE\"\n    echo \"Bugly server response: ${STATUS}\"\n    if [ ! \"${STATUS}\" ]; then\n    echo \"Error: Failed to upload the zip archive file.\"\n    elif [[ \"${STATUS}\" == *\":true\"* ]]; then\n    echo \"Success to upload the dSYM for the app [${BUNDLE_IDENTIFIER} ${BUGLY_APP_VERSION}]\"\n    UPLOAD_RESULT=\"SUCCESS\"\n    else\n    echo \"Error: Failed to upload the zip archive file to Bugly.\"\n    fi\n    \n    #Remove temp dSYM archive\n    echo \"Remove temporary zip archive: ${DSYM_ZIP_FPATH}\"\n    #/bin/rm -f \"${DSYM_ZIP_FPATH}\"\n    \n    if [ \"$?\" -ne 0 ]; then\n    exitWithMessage \"Error: Failed to remove temporary zip archive.\" 1\n    fi\n    \n    echo \"--------------------------------\"\n    echo \"${UPLOAD_RESULT} - dSYM upload complete.\"\n    \n    if [[ \"${UPLOAD_RESULT}\" == \"FAILTURE\" ]]; then\n    echo \"--------------------------------\"\n    echo \"Failed to upload the dSYM\"\n    echo \"Please check the script and try it again.\"\n    fi\n    \n    echo \"----------------------------------------------------------------\"";
		};
/* End PBXShellScriptBuildPhase section */

/* Begin PBXSourcesBuildPhase section */
		B5F302871B428C8A00D86667 /* Sources */ = {
			isa = PBXSourcesBuildPhase;
			buildActionMask = 2147483647;
			files = (
				B5F302971B428C8A00D86667 /* ViewController.m in Sources */,
				B5F302941B428C8A00D86667 /* AppDelegate.m in Sources */,
				B5F302911B428C8A00D86667 /* main.m in Sources */,
			);
			runOnlyForDeploymentPostprocessing = 0;
		};
		B5F302A01B428C8A00D86667 /* Sources */ = {
			isa = PBXSourcesBuildPhase;
			buildActionMask = 2147483647;
			files = (
				B5F302AB1B428C8A00D86667 /* Bugly_iOS_DemoTests.m in Sources */,
			);
			runOnlyForDeploymentPostprocessing = 0;
		};
/* End PBXSourcesBuildPhase section */

/* Begin PBXTargetDependency section */
		B5F302A61B428C8A00D86667 /* PBXTargetDependency */ = {
			isa = PBXTargetDependency;
			target = B5F3028A1B428C8A00D86667 /* Bugly-iOS-Demo */;
			targetProxy = B5F302A51B428C8A00D86667 /* PBXContainerItemProxy */;
		};
/* End PBXTargetDependency section */

/* Begin PBXVariantGroup section */
		B5F302981B428C8A00D86667 /* Main.storyboard */ = {
			isa = PBXVariantGroup;
			children = (
				B5F302991B428C8A00D86667 /* Base */,
			);
			name = Main.storyboard;
			sourceTree = "<group>";
		};
		B5F3029D1B428C8A00D86667 /* LaunchScreen.xib */ = {
			isa = PBXVariantGroup;
			children = (
				B5F3029E1B428C8A00D86667 /* Base */,
			);
			name = LaunchScreen.xib;
			sourceTree = "<group>";
		};
/* End PBXVariantGroup section */

/* Begin XCBuildConfiguration section */
		B5F302AC1B428C8A00D86667 /* Debug */ = {
			isa = XCBuildConfiguration;
			buildSettings = {
				ALWAYS_SEARCH_USER_PATHS = NO;
				CLANG_CXX_LANGUAGE_STANDARD = "gnu++0x";
				CLANG_CXX_LIBRARY = "libc++";
				CLANG_ENABLE_MODULES = YES;
				CLANG_ENABLE_OBJC_ARC = YES;
				CLANG_WARN_BOOL_CONVERSION = YES;
				CLANG_WARN_CONSTANT_CONVERSION = YES;
				CLANG_WARN_DIRECT_OBJC_ISA_USAGE = YES_ERROR;
				CLANG_WARN_EMPTY_BODY = YES;
				CLANG_WARN_ENUM_CONVERSION = YES;
				CLANG_WARN_INT_CONVERSION = YES;
				CLANG_WARN_OBJC_ROOT_CLASS = YES_ERROR;
				CLANG_WARN_UNREACHABLE_CODE = YES;
				CLANG_WARN__DUPLICATE_METHOD_MATCH = YES;
				"CODE_SIGN_IDENTITY[sdk=iphoneos*]" = "iPhone Developer";
				COPY_PHASE_STRIP = NO;
				DEBUG_INFORMATION_FORMAT = "dwarf-with-dsym";
				ENABLE_STRICT_OBJC_MSGSEND = YES;
				GCC_C_LANGUAGE_STANDARD = gnu99;
				GCC_DYNAMIC_NO_PIC = NO;
				GCC_NO_COMMON_BLOCKS = YES;
				GCC_OPTIMIZATION_LEVEL = 0;
				GCC_PREPROCESSOR_DEFINITIONS = (
					"DEBUG=1",
					"$(inherited)",
				);
				GCC_SYMBOLS_PRIVATE_EXTERN = NO;
				GCC_WARN_64_TO_32_BIT_CONVERSION = YES;
				GCC_WARN_ABOUT_RETURN_TYPE = YES_ERROR;
				GCC_WARN_UNDECLARED_SELECTOR = YES;
				GCC_WARN_UNINITIALIZED_AUTOS = YES_AGGRESSIVE;
				GCC_WARN_UNUSED_FUNCTION = YES;
				GCC_WARN_UNUSED_VARIABLE = YES;
				IPHONEOS_DEPLOYMENT_TARGET = 8.3;
				MTL_ENABLE_DEBUG_INFO = YES;
				ONLY_ACTIVE_ARCH = YES;
				SDKROOT = iphoneos;
			};
			name = Debug;
		};
		B5F302AD1B428C8A00D86667 /* Release */ = {
			isa = XCBuildConfiguration;
			buildSettings = {
				ALWAYS_SEARCH_USER_PATHS = NO;
				CLANG_CXX_LANGUAGE_STANDARD = "gnu++0x";
				CLANG_CXX_LIBRARY = "libc++";
				CLANG_ENABLE_MODULES = YES;
				CLANG_ENABLE_OBJC_ARC = YES;
				CLANG_WARN_BOOL_CONVERSION = YES;
				CLANG_WARN_CONSTANT_CONVERSION = YES;
				CLANG_WARN_DIRECT_OBJC_ISA_USAGE = YES_ERROR;
				CLANG_WARN_EMPTY_BODY = YES;
				CLANG_WARN_ENUM_CONVERSION = YES;
				CLANG_WARN_INT_CONVERSION = YES;
				CLANG_WARN_OBJC_ROOT_CLASS = YES_ERROR;
				CLANG_WARN_UNREACHABLE_CODE = YES;
				CLANG_WARN__DUPLICATE_METHOD_MATCH = YES;
				"CODE_SIGN_IDENTITY[sdk=iphoneos*]" = "iPhone Developer";
				COPY_PHASE_STRIP = NO;
				DEBUG_INFORMATION_FORMAT = "dwarf-with-dsym";
				ENABLE_NS_ASSERTIONS = NO;
				ENABLE_STRICT_OBJC_MSGSEND = YES;
				GCC_C_LANGUAGE_STANDARD = gnu99;
				GCC_NO_COMMON_BLOCKS = YES;
				GCC_WARN_64_TO_32_BIT_CONVERSION = YES;
				GCC_WARN_ABOUT_RETURN_TYPE = YES_ERROR;
				GCC_WARN_UNDECLARED_SELECTOR = YES;
				GCC_WARN_UNINITIALIZED_AUTOS = YES_AGGRESSIVE;
				GCC_WARN_UNUSED_FUNCTION = YES;
				GCC_WARN_UNUSED_VARIABLE = YES;
				IPHONEOS_DEPLOYMENT_TARGET = 8.3;
				MTL_ENABLE_DEBUG_INFO = NO;
				SDKROOT = iphoneos;
				VALIDATE_PRODUCT = YES;
			};
			name = Release;
		};
		B5F302AF1B428C8A00D86667 /* Debug */ = {
			isa = XCBuildConfiguration;
			baseConfigurationReference = 8764C9B2996CCE76A96A2757 /* Pods-Bugly-iOS-Demo.debug.xcconfig */;
			buildSettings = {
				ASSETCATALOG_COMPILER_APPICON_NAME = AppIcon;
				INFOPLIST_FILE = "Bugly-iOS-Demo/Info.plist";
				LD_RUNPATH_SEARCH_PATHS = "$(inherited) @executable_path/Frameworks";
				PRODUCT_NAME = "$(TARGET_NAME)";
			};
			name = Debug;
		};
		B5F302B01B428C8A00D86667 /* Release */ = {
			isa = XCBuildConfiguration;
			baseConfigurationReference = CFBB13CA3D2A27B3C9193A2A /* Pods-Bugly-iOS-Demo.release.xcconfig */;
			buildSettings = {
				ASSETCATALOG_COMPILER_APPICON_NAME = AppIcon;
				INFOPLIST_FILE = "Bugly-iOS-Demo/Info.plist";
				LD_RUNPATH_SEARCH_PATHS = "$(inherited) @executable_path/Frameworks";
				PRODUCT_NAME = "$(TARGET_NAME)";
			};
			name = Release;
		};
		B5F302B21B428C8A00D86667 /* Debug */ = {
			isa = XCBuildConfiguration;
			buildSettings = {
				BUNDLE_LOADER = "$(TEST_HOST)";
				FRAMEWORK_SEARCH_PATHS = (
					"$(SDKROOT)/Developer/Library/Frameworks",
					"$(inherited)",
				);
				GCC_PREPROCESSOR_DEFINITIONS = (
					"DEBUG=1",
					"$(inherited)",
				);
				INFOPLIST_FILE = "Bugly-iOS-DemoTests/Info.plist";
				LD_RUNPATH_SEARCH_PATHS = "$(inherited) @executable_path/Frameworks @loader_path/Frameworks";
				PRODUCT_NAME = "$(TARGET_NAME)";
				TEST_HOST = "$(BUILT_PRODUCTS_DIR)/Bugly-iOS-Demo.app/Bugly-iOS-Demo";
			};
			name = Debug;
		};
		B5F302B31B428C8A00D86667 /* Release */ = {
			isa = XCBuildConfiguration;
			buildSettings = {
				BUNDLE_LOADER = "$(TEST_HOST)";
				FRAMEWORK_SEARCH_PATHS = (
					"$(SDKROOT)/Developer/Library/Frameworks",
					"$(inherited)",
				);
				INFOPLIST_FILE = "Bugly-iOS-DemoTests/Info.plist";
				LD_RUNPATH_SEARCH_PATHS = "$(inherited) @executable_path/Frameworks @loader_path/Frameworks";
				PRODUCT_NAME = "$(TARGET_NAME)";
				TEST_HOST = "$(BUILT_PRODUCTS_DIR)/Bugly-iOS-Demo.app/Bugly-iOS-Demo";
			};
			name = Release;
		};
/* End XCBuildConfiguration section */

/* Begin XCConfigurationList section */
		B5F302861B428C8A00D86667 /* Build configuration list for PBXProject "Bugly-iOS-Demo" */ = {
			isa = XCConfigurationList;
			buildConfigurations = (
				B5F302AC1B428C8A00D86667 /* Debug */,
				B5F302AD1B428C8A00D86667 /* Release */,
			);
			defaultConfigurationIsVisible = 0;
			defaultConfigurationName = Release;
		};
		B5F302AE1B428C8A00D86667 /* Build configuration list for PBXNativeTarget "Bugly-iOS-Demo" */ = {
			isa = XCConfigurationList;
			buildConfigurations = (
				B5F302AF1B428C8A00D86667 /* Debug */,
				B5F302B01B428C8A00D86667 /* Release */,
			);
			defaultConfigurationIsVisible = 0;
			defaultConfigurationName = Release;
		};
		B5F302B11B428C8A00D86667 /* Build configuration list for PBXNativeTarget "Bugly-iOS-DemoTests" */ = {
			isa = XCConfigurationList;
			buildConfigurations = (
				B5F302B21B428C8A00D86667 /* Debug */,
				B5F302B31B428C8A00D86667 /* Release */,
			);
			defaultConfigurationIsVisible = 0;
			defaultConfigurationName = Release;
		};
/* End XCConfigurationList section */
	};
	rootObject = B5F302831B428C8A00D86667 /* Project object */;
}
